
Microsoft Visual Studio Solution File, Format Version 12.00
# Visual Studio 15
VisualStudioVersion = 15.0.26430.16
MinimumVisualStudioVersion = 10.0.40219.1
Project("{FAE04EC0-301F-11D3-BF4B-00C04F79EFBC}") = "WpfCalc", "WpfCalc\WpfCalc.csproj", "{5E1EF620-C36F-4D8A-B7DD-27F15257D16C}"
EndProject
Global
	GlobalSection(SolutionConfigurationPlatforms) = preSolution
		Debug|Any CPU = Debug|Any CPU
		Release|Any CPU = Release|Any CPU
	EndGlobalSection
	GlobalSection(ProjectConfigurationPlatforms) = postSolution
		{5E1EF620-C36F-4D8A-B7DD-27F15257D16C}.Debug|Any CPU.ActiveCfg = Debug|Any CPU
		{5E1EF620-C36F-4D8A-B7DD-27F15257D16C}.Debug|Any CPU.Build.0 = Debug|Any CPU
		{5E1EF620-C36F-4D8A-B7DD-27F15257D16C}.Release|Any CPU.ActiveCfg = Release|Any CPU
		{5E1EF620-C36F-4D8A-B7DD-27F15257D16C}.Release|Any CPU.Build.0 = Release|Any CPU
	EndGlobalSection
	GlobalSection(SolutionProperties) = preSolution
		HideSolutionNode = FALSE
	EndGlobalSection
EndGlobal
